
Microsoft Visual Studio Solution File, Format Version 12.00
# Visual Studio Version 16
VisualStudioVersion = 16.0.30517.126
MinimumVisualStudioVersion = 10.0.40219.1
Project("{8BC9CEB8-8B4A-11D0-8D11-00A0C91BC942}") = "Snake Game Project", "Snake Game Project\Snake Game Project.vcxproj", "{C4C31249-4A05-4ECB-A38D-C84542DBEBA9}"
EndProject
Global
	GlobalSection(SolutionConfigurationPlatforms) = preSolution
		Debug|x64 = Debug|x64
		Debug|x86 = Debug|x86
		Release|x64 = Release|x64
		Release|x86 = Release|x86
	EndGlobalSection
	GlobalSection(ProjectConfigurationPlatforms) = postSolution
		{C4C31249-4A05-4ECB-A38D-C84542DBEBA9}.Debug|x64.ActiveCfg = Debug|x64
		{C4C31249-4A05-4ECB-A38D-C84542DBEBA9}.Debug|x64.Build.0 = Debug|x64
		{C4C31249-4A05-4ECB-A38D-C84542DBEBA9}.Debug|x86.ActiveCfg = Debug|Win32
		{C4C31249-4A05-4ECB-A38D-C84542DBEBA9}.Debug|x86.Build.0 = Debug|Win32
		{C4C31249-4A05-4ECB-A38D-C84542DBEBA9}.Release|x64.ActiveCfg = Release|x64
		{C4C31249-4A05-4ECB-A38D-C84542DBEBA9}.Release|x64.Build.0 = Release|x64
		{C4C31249-4A05-4ECB-A38D-C84542DBEBA9}.Release|x86.ActiveCfg = Release|Win32
		{C4C31249-4A05-4ECB-A38D-C84542DBEBA9}.Release|x86.Build.0 = Release|Win32
	EndGlobalSection
	GlobalSection(SolutionProperties) = preSolution
		HideSolutionNode = FALSE
	EndGlobalSection
	GlobalSection(ExtensibilityGlobals) = postSolution
		SolutionGuid = {0300F9A7-AEED-4C8D-8960-DD94194196B4}
	EndGlobalSection
EndGlobal
